
Microsoft Visual Studio Solution File, Format Version 12.00
# Visual Studio 15
VisualStudioVersion = 15.0.27428.2043
MinimumVisualStudioVersion = 10.0.40219.1
Project("{FAE04EC0-301F-11D3-BF4B-00C04F79EFBC}") = "ETLTool", "ETLTool\ETLTool.csproj", "{C0E2B0FC-16F1-4597-AEE0-502C341D7530}"
EndProject
Global
	GlobalSection(SolutionConfigurationPlatforms) = preSolution
		Debug|Any CPU = Debug|Any CPU
		Release|Any CPU = Release|Any CPU
	EndGlobalSection
	GlobalSection(ProjectConfigurationPlatforms) = postSolution
		{C0E2B0FC-16F1-4597-AEE0-502C341D7530}.Debug|Any CPU.ActiveCfg = Debug|Any CPU
		{C0E2B0FC-16F1-4597-AEE0-502C341D7530}.Debug|Any CPU.Build.0 = Debug|Any CPU
		{C0E2B0FC-16F1-4597-AEE0-502C341D7530}.Release|Any CPU.ActiveCfg = Release|Any CPU
		{C0E2B0FC-16F1-4597-AEE0-502C341D7530}.Release|Any CPU.Build.0 = Release|Any CPU
	EndGlobalSection
	GlobalSection(SolutionProperties) = preSolution
		HideSolutionNode = FALSE
	EndGlobalSection
	GlobalSection(ExtensibilityGlobals) = postSolution
		SolutionGuid = {FDF55DE9-6A7F-435E-B0FC-BE8FCF0B9311}
	EndGlobalSection
EndGlobal
